// !$*UTF8*$!
{
	archiveVersion = 1;
	classes = {
	};
	objectVersion = 48;
	objects = {

/* Begin PBXBuildFile section */
		F38F94421F93EEC100C1E057 /* AppDelegate.swift in Sources */ = {isa = PBXBuildFile; fileRef = F38F94411F93EEC100C1E057 /* AppDelegate.swift */; };
		F38F94441F93EEC100C1E057 /* GameViewController.swift in Sources */ = {isa = PBXBuildFile; fileRef = F38F94431F93EEC100C1E057 /* GameViewController.swift */; };
		F38F94471F93EEC100C1E057 /* Main.storyboard in Resources */ = {isa = PBXBuildFile; fileRef = F38F94451F93EEC100C1E057 /* Main.storyboard */; };
		F38F944A1F93EEC100C1E057 /* LaunchScreen.storyboard in Resources */ = {isa = PBXBuildFile; fileRef = F38F94481F93EEC100C1E057 /* LaunchScreen.storyboard */; };
		F38F946C1F93EEC100C1E057 /* AppDelegate.swift in Sources */ = {isa = PBXBuildFile; fileRef = F38F946B1F93EEC100C1E057 /* AppDelegate.swift */; };
		F38F946E1F93EEC100C1E057 /* GameViewController.swift in Sources */ = {isa = PBXBuildFile; fileRef = F38F946D1F93EEC100C1E057 /* GameViewController.swift */; };
		F38F94711F93EEC100C1E057 /* Main.storyboard in Resources */ = {isa = PBXBuildFile; fileRef = F38F946F1F93EEC100C1E057 /* Main.storyboard */; };
		F38F947A1F93EEC100C1E057 /* AppDelegate.swift in Sources */ = {isa = PBXBuildFile; fileRef = F38F94791F93EEC100C1E057 /* AppDelegate.swift */; };
		F38F947C1F93EEC100C1E057 /* GameViewController.swift in Sources */ = {isa = PBXBuildFile; fileRef = F38F947B1F93EEC100C1E057 /* GameViewController.swift */; };
		F38F947F1F93EEC200C1E057 /* Main.storyboard in Resources */ = {isa = PBXBuildFile; fileRef = F38F947D1F93EEC200C1E057 /* Main.storyboard */; };
		F38F94811F93EEC200C1E057 /* Actions.sks in Resources */ = {isa = PBXBuildFile; fileRef = F38F94361F93EEC100C1E057 /* Actions.sks */; };
		F38F94821F93EEC200C1E057 /* Actions.sks in Resources */ = {isa = PBXBuildFile; fileRef = F38F94361F93EEC100C1E057 /* Actions.sks */; };
		F38F94831F93EEC200C1E057 /* Actions.sks in Resources */ = {isa = PBXBuildFile; fileRef = F38F94361F93EEC100C1E057 /* Actions.sks */; };
		F38F94841F93EEC200C1E057 /* GameScene.sks in Resources */ = {isa = PBXBuildFile; fileRef = F38F94371F93EEC100C1E057 /* GameScene.sks */; };
		F38F94861F93EEC200C1E057 /* GameScene.sks in Resources */ = {isa = PBXBuildFile; fileRef = F38F94371F93EEC100C1E057 /* GameScene.sks */; };
		F38F94871F93EEC200C1E057 /* GameScene.sks in Resources */ = {isa = PBXBuildFile; fileRef = F38F94371F93EEC100C1E057 /* GameScene.sks */; };
		F38F94881F93EEC200C1E057 /* GameScene.swift in Sources */ = {isa = PBXBuildFile; fileRef = F38F94381F93EEC100C1E057 /* GameScene.swift */; };
		F38F948A1F93EEC200C1E057 /* GameScene.swift in Sources */ = {isa = PBXBuildFile; fileRef = F38F94381F93EEC100C1E057 /* GameScene.swift */; };
		F38F948B1F93EEC200C1E057 /* GameScene.swift in Sources */ = {isa = PBXBuildFile; fileRef = F38F94381F93EEC100C1E057 /* GameScene.swift */; };
		F38F948C1F93EEC200C1E057 /* Assets.xcassets in Resources */ = {isa = PBXBuildFile; fileRef = F38F94391F93EEC100C1E057 /* Assets.xcassets */; };
		F38F948E1F93EEC200C1E057 /* Assets.xcassets in Resources */ = {isa = PBXBuildFile; fileRef = F38F94391F93EEC100C1E057 /* Assets.xcassets */; };
		F38F948F1F93EEC200C1E057 /* Assets.xcassets in Resources */ = {isa = PBXBuildFile; fileRef = F38F94391F93EEC100C1E057 /* Assets.xcassets */; };
		F38F94A81F93F8C000C1E057 /* TIMELINE-RULES.pdf in Resources */ = {isa = PBXBuildFile; fileRef = F38F94A71F93F8C000C1E057 /* TIMELINE-RULES.pdf */; };
		F38F94A91F93F8C000C1E057 /* TIMELINE-RULES.pdf in Resources */ = {isa = PBXBuildFile; fileRef = F38F94A71F93F8C000C1E057 /* TIMELINE-RULES.pdf */; };
		F38F94AA1F93F8C000C1E057 /* TIMELINE-RULES.pdf in Resources */ = {isa = PBXBuildFile; fileRef = F38F94A71F93F8C000C1E057 /* TIMELINE-RULES.pdf */; };
		F38F94FB1F93FF0700C1E057 /* Card.swift in Sources */ = {isa = PBXBuildFile; fileRef = F38F94FA1F93FF0700C1E057 /* Card.swift */; };
		F38F94FC1F93FF0700C1E057 /* Card.swift in Sources */ = {isa = PBXBuildFile; fileRef = F38F94FA1F93FF0700C1E057 /* Card.swift */; };
		F38F94FD1F93FF0700C1E057 /* Card.swift in Sources */ = {isa = PBXBuildFile; fileRef = F38F94FA1F93FF0700C1E057 /* Card.swift */; };
/* End PBXBuildFile section */

/* Begin PBXCopyFilesBuildPhase section */
		F38F94991F93EEC200C1E057 /* Embed Watch Content */ = {
			isa = PBXCopyFilesBuildPhase;
			buildActionMask = 2147483647;
			dstPath = "$(CONTENTS_FOLDER_PATH)/Watch";
			dstSubfolderSpec = 16;
			files = (
			);
			name = "Embed Watch Content";
			runOnlyForDeploymentPostprocessing = 0;
		};
/* End PBXCopyFilesBuildPhase section */

/* Begin PBXFileReference section */
		F38F94361F93EEC100C1E057 /* Actions.sks */ = {isa = PBXFileReference; lastKnownFileType = file.sks; path = Actions.sks; sourceTree = "<group>"; };
		F38F94371F93EEC100C1E057 /* GameScene.sks */ = {isa = PBXFileReference; lastKnownFileType = file.sks; path = GameScene.sks; sourceTree = "<group>"; };
		F38F94381F93EEC100C1E057 /* GameScene.swift */ = {isa = PBXFileReference; lastKnownFileType = sourcecode.swift; path = GameScene.swift; sourceTree = "<group>"; };
		F38F94391F93EEC100C1E057 /* Assets.xcassets */ = {isa = PBXFileReference; lastKnownFileType = folder.assetcatalog; path = Assets.xcassets; sourceTree = "<group>"; };
		F38F943E1F93EEC100C1E057 /* Timeline.app */ = {isa = PBXFileReference; explicitFileType = wrapper.application; includeInIndex = 0; path = Timeline.app; sourceTree = BUILT_PRODUCTS_DIR; };
		F38F94411F93EEC100C1E057 /* AppDelegate.swift */ = {isa = PBXFileReference; lastKnownFileType = sourcecode.swift; path = AppDelegate.swift; sourceTree = "<group>"; };
		F38F94431F93EEC100C1E057 /* GameViewController.swift */ = {isa = PBXFileReference; lastKnownFileType = sourcecode.swift; path = GameViewController.swift; sourceTree = "<group>"; };
		F38F94461F93EEC100C1E057 /* Base */ = {isa = PBXFileReference; lastKnownFileType = file.storyboard; name = Base; path = Base.lproj/Main.storyboard; sourceTree = "<group>"; };
		F38F94491F93EEC100C1E057 /* Base */ = {isa = PBXFileReference; lastKnownFileType = file.storyboard; name = Base; path = Base.lproj/LaunchScreen.storyboard; sourceTree = "<group>"; };
		F38F944B1F93EEC100C1E057 /* Info.plist */ = {isa = PBXFileReference; lastKnownFileType = text.plist.xml; path = Info.plist; sourceTree = "<group>"; };
		F38F94691F93EEC100C1E057 /* Timeline.app */ = {isa = PBXFileReference; explicitFileType = wrapper.application; includeInIndex = 0; path = Timeline.app; sourceTree = BUILT_PRODUCTS_DIR; };
		F38F946B1F93EEC100C1E057 /* AppDelegate.swift */ = {isa = PBXFileReference; lastKnownFileType = sourcecode.swift; path = AppDelegate.swift; sourceTree = "<group>"; };
		F38F946D1F93EEC100C1E057 /* GameViewController.swift */ = {isa = PBXFileReference; lastKnownFileType = sourcecode.swift; path = GameViewController.swift; sourceTree = "<group>"; };
		F38F94701F93EEC100C1E057 /* Base */ = {isa = PBXFileReference; lastKnownFileType = file.storyboard; name = Base; path = Base.lproj/Main.storyboard; sourceTree = "<group>"; };
		F38F94721F93EEC100C1E057 /* Info.plist */ = {isa = PBXFileReference; lastKnownFileType = text.plist.xml; path = Info.plist; sourceTree = "<group>"; };
		F38F94771F93EEC100C1E057 /* Timeline.app */ = {isa = PBXFileReference; explicitFileType = wrapper.application; includeInIndex = 0; path = Timeline.app; sourceTree = BUILT_PRODUCTS_DIR; };
		F38F94791F93EEC100C1E057 /* AppDelegate.swift */ = {isa = PBXFileReference; lastKnownFileType = sourcecode.swift; path = AppDelegate.swift; sourceTree = "<group>"; };
		F38F947B1F93EEC100C1E057 /* GameViewController.swift */ = {isa = PBXFileReference; lastKnownFileType = sourcecode.swift; path = GameViewController.swift; sourceTree = "<group>"; };
		F38F947E1F93EEC200C1E057 /* Base */ = {isa = PBXFileReference; lastKnownFileType = file.storyboard; name = Base; path = Base.lproj/Main.storyboard; sourceTree = "<group>"; };
		F38F94801F93EEC200C1E057 /* Info.plist */ = {isa = PBXFileReference; lastKnownFileType = text.plist.xml; path = Info.plist; sourceTree = "<group>"; };
		F38F94A71F93F8C000C1E057 /* TIMELINE-RULES.pdf */ = {isa = PBXFileReference; lastKnownFileType = image.pdf; path = "TIMELINE-RULES.pdf"; sourceTree = "<group>"; };
		F38F94FA1F93FF0700C1E057 /* Card.swift */ = {isa = PBXFileReference; lastKnownFileType = sourcecode.swift; path = Card.swift; sourceTree = "<group>"; };
/* End PBXFileReference section */

/* Begin PBXFrameworksBuildPhase section */
		F38F943B1F93EEC100C1E057 /* Frameworks */ = {
			isa = PBXFrameworksBuildPhase;
			buildActionMask = 2147483647;
			files = (
			);
			runOnlyForDeploymentPostprocessing = 0;
		};
		F38F94661F93EEC100C1E057 /* Frameworks */ = {
			isa = PBXFrameworksBuildPhase;
			buildActionMask = 2147483647;
			files = (
			);
			runOnlyForDeploymentPostprocessing = 0;
		};
		F38F94741F93EEC100C1E057 /* Frameworks */ = {
			isa = PBXFrameworksBuildPhase;
			buildActionMask = 2147483647;
			files = (
			);
			runOnlyForDeploymentPostprocessing = 0;
		};
/* End PBXFrameworksBuildPhase section */

/* Begin PBXGroup section */
		F38F94301F93EEC100C1E057 = {
			isa = PBXGroup;
			children = (
				F38F94351F93EEC100C1E057 /* Timeline Shared */,
				F38F94401F93EEC100C1E057 /* Timeline iOS */,
				F38F946A1F93EEC100C1E057 /* Timeline tvOS */,
				F38F94781F93EEC100C1E057 /* Timeline macOS */,
				F38F943F1F93EEC100C1E057 /* Products */,
			);
			sourceTree = "<group>";
		};
		F38F94351F93EEC100C1E057 /* Timeline Shared */ = {
			isa = PBXGroup;
			children = (
				F38F94361F93EEC100C1E057 /* Actions.sks */,
				F38F94371F93EEC100C1E057 /* GameScene.sks */,
				F38F94381F93EEC100C1E057 /* GameScene.swift */,
				F38F94FA1F93FF0700C1E057 /* Card.swift */,
				F38F94391F93EEC100C1E057 /* Assets.xcassets */,
				F38F94A71F93F8C000C1E057 /* TIMELINE-RULES.pdf */,
			);
			path = "Timeline Shared";
			sourceTree = "<group>";
		};
		F38F943F1F93EEC100C1E057 /* Products */ = {
			isa = PBXGroup;
			children = (
				F38F943E1F93EEC100C1E057 /* Timeline.app */,
				F38F94691F93EEC100C1E057 /* Timeline.app */,
				F38F94771F93EEC100C1E057 /* Timeline.app */,
			);
			name = Products;
			sourceTree = "<group>";
		};
		F38F94401F93EEC100C1E057 /* Timeline iOS */ = {
			isa = PBXGroup;
			children = (
				F38F94411F93EEC100C1E057 /* AppDelegate.swift */,
				F38F94431F93EEC100C1E057 /* GameViewController.swift */,
				F38F94451F93EEC100C1E057 /* Main.storyboard */,
				F38F94481F93EEC100C1E057 /* LaunchScreen.storyboard */,
				F38F944B1F93EEC100C1E057 /* Info.plist */,
			);
			path = "Timeline iOS";
			sourceTree = "<group>";
		};
		F38F946A1F93EEC100C1E057 /* Timeline tvOS */ = {
			isa = PBXGroup;
			children = (
				F38F946B1F93EEC100C1E057 /* AppDelegate.swift */,
				F38F946D1F93EEC100C1E057 /* GameViewController.swift */,
				F38F946F1F93EEC100C1E057 /* Main.storyboard */,
				F38F94721F93EEC100C1E057 /* Info.plist */,
			);
			path = "Timeline tvOS";
			sourceTree = "<group>";
		};
		F38F94781F93EEC100C1E057 /* Timeline macOS */ = {
			isa = PBXGroup;
			children = (
				F38F94791F93EEC100C1E057 /* AppDelegate.swift */,
				F38F947B1F93EEC100C1E057 /* GameViewController.swift */,
				F38F947D1F93EEC200C1E057 /* Main.storyboard */,
				F38F94801F93EEC200C1E057 /* Info.plist */,
			);
			path = "Timeline macOS";
			sourceTree = "<group>";
		};
/* End PBXGroup section */

/* Begin PBXNativeTarget section */
		F38F943D1F93EEC100C1E057 /* Timeline iOS */ = {
			isa = PBXNativeTarget;
			buildConfigurationList = F38F949A1F93EEC200C1E057 /* Build configuration list for PBXNativeTarget "Timeline iOS" */;
			buildPhases = (
				F38F943A1F93EEC100C1E057 /* Sources */,
				F38F943B1F93EEC100C1E057 /* Frameworks */,
				F38F943C1F93EEC100C1E057 /* Resources */,
				F38F94991F93EEC200C1E057 /* Embed Watch Content */,
			);
			buildRules = (
			);
			dependencies = (
			);
			name = "Timeline iOS";
			productName = "Timeline iOS";
			productReference = F38F943E1F93EEC100C1E057 /* Timeline.app */;
			productType = "com.apple.product-type.application";
		};
		F38F94681F93EEC100C1E057 /* Timeline tvOS */ = {
			isa = PBXNativeTarget;
			buildConfigurationList = F38F949D1F93EEC200C1E057 /* Build configuration list for PBXNativeTarget "Timeline tvOS" */;
			buildPhases = (
				F38F94651F93EEC100C1E057 /* Sources */,
				F38F94661F93EEC100C1E057 /* Frameworks */,
				F38F94671F93EEC100C1E057 /* Resources */,
			);
			buildRules = (
			);
			dependencies = (
			);
			name = "Timeline tvOS";
			productName = "Timeline tvOS";
			productReference = F38F94691F93EEC100C1E057 /* Timeline.app */;
			productType = "com.apple.product-type.application";
		};
		F38F94761F93EEC100C1E057 /* Timeline macOS */ = {
			isa = PBXNativeTarget;
			buildConfigurationList = F38F94A01F93EEC200C1E057 /* Build configuration list for PBXNativeTarget "Timeline macOS" */;
			buildPhases = (
				F38F94731F93EEC100C1E057 /* Sources */,
				F38F94741F93EEC100C1E057 /* Frameworks */,
				F38F94751F93EEC100C1E057 /* Resources */,
			);
			buildRules = (
			);
			dependencies = (
			);
			name = "Timeline macOS";
			productName = "Timeline macOS";
			productReference = F38F94771F93EEC100C1E057 /* Timeline.app */;
			productType = "com.apple.product-type.application";
		};
/* End PBXNativeTarget section */

/* Begin PBXProject section */
		F38F94311F93EEC100C1E057 /* Project object */ = {
			isa = PBXProject;
			attributes = {
				LastSwiftUpdateCheck = 0900;
				LastUpgradeCheck = 0900;
				ORGANIZATIONNAME = Rudi;
				TargetAttributes = {
					F38F943D1F93EEC100C1E057 = {
						CreatedOnToolsVersion = 9.0;
						ProvisioningStyle = Automatic;
					};
					F38F94681F93EEC100C1E057 = {
						CreatedOnToolsVersion = 9.0;
						ProvisioningStyle = Automatic;
					};
					F38F94761F93EEC100C1E057 = {
						CreatedOnToolsVersion = 9.0;
						ProvisioningStyle = Automatic;
					};
				};
			};
			buildConfigurationList = F38F94341F93EEC100C1E057 /* Build configuration list for PBXProject "Timeline" */;
			compatibilityVersion = "Xcode 8.0";
			developmentRegion = en;
			hasScannedForEncodings = 0;
			knownRegions = (
				en,
				Base,
			);
			mainGroup = F38F94301F93EEC100C1E057;
			productRefGroup = F38F943F1F93EEC100C1E057 /* Products */;
			projectDirPath = "";
			projectRoot = "";
			targets = (
				F38F943D1F93EEC100C1E057 /* Timeline iOS */,
				F38F94681F93EEC100C1E057 /* Timeline tvOS */,
				F38F94761F93EEC100C1E057 /* Timeline macOS */,
			);
		};
/* End PBXProject section */

/* Begin PBXResourcesBuildPhase section */
		F38F943C1F93EEC100C1E057 /* Resources */ = {
			isa = PBXResourcesBuildPhase;
			buildActionMask = 2147483647;
			files = (
				F38F94A81F93F8C000C1E057 /* TIMELINE-RULES.pdf in Resources */,
				F38F94841F93EEC200C1E057 /* GameScene.sks in Resources */,
				F38F94471F93EEC100C1E057 /* Main.storyboard in Resources */,
				F38F94811F93EEC200C1E057 /* Actions.sks in Resources */,
				F38F944A1F93EEC100C1E057 /* LaunchScreen.storyboard in Resources */,
				F38F948C1F93EEC200C1E057 /* Assets.xcassets in Resources */,
			);
			runOnlyForDeploymentPostprocessing = 0;
		};
		F38F94671F93EEC100C1E057 /* Resources */ = {
			isa = PBXResourcesBuildPhase;
			buildActionMask = 2147483647;
			files = (
				F38F94711F93EEC100C1E057 /* Main.storyboard in Resources */,
				F38F94861F93EEC200C1E057 /* GameScene.sks in Resources */,
				F38F948E1F93EEC200C1E057 /* Assets.xcassets in Resources */,
				F38F94821F93EEC200C1E057 /* Actions.sks in Resources */,
				F38F94A91F93F8C000C1E057 /* TIMELINE-RULES.pdf in Resources */,
			);
			runOnlyForDeploymentPostprocessing = 0;
		};
		F38F94751F93EEC100C1E057 /* Resources */ = {
			isa = PBXResourcesBuildPhase;
			buildActionMask = 2147483647;
			files = (
				F38F947F1F93EEC200C1E057 /* Main.storyboard in Resources */,
				F38F94871F93EEC200C1E057 /* GameScene.sks in Resources */,
				F38F948F1F93EEC200C1E057 /* Assets.xcassets in Resources */,
				F38F94831F93EEC200C1E057 /* Actions.sks in Resources */,
				F38F94AA1F93F8C000C1E057 /* TIMELINE-RULES.pdf in Resources */,
			);
			runOnlyForDeploymentPostprocessing = 0;
		};
/* End PBXResourcesBuildPhase section */

/* Begin PBXSourcesBuildPhase section */
		F38F943A1F93EEC100C1E057 /* Sources */ = {
			isa = PBXSourcesBuildPhase;
			buildActionMask = 2147483647;
			files = (
				F38F94881F93EEC200C1E057 /* GameScene.swift in Sources */,
				F38F94441F93EEC100C1E057 /* GameViewController.swift in Sources */,
				F38F94421F93EEC100C1E057 /* AppDelegate.swift in Sources */,
				F38F94FB1F93FF0700C1E057 /* Card.swift in Sources */,
			);
			runOnlyForDeploymentPostprocessing = 0;
		};
		F38F94651F93EEC100C1E057 /* Sources */ = {
			isa = PBXSourcesBuildPhase;
			buildActionMask = 2147483647;
			files = (
				F38F948A1F93EEC200C1E057 /* GameScene.swift in Sources */,
				F38F946E1F93EEC100C1E057 /* GameViewController.swift in Sources */,
				F38F946C1F93EEC100C1E057 /* AppDelegate.swift in Sources */,
				F38F94FC1F93FF0700C1E057 /* Card.swift in Sources */,
			);
			runOnlyForDeploymentPostprocessing = 0;
		};
		F38F94731F93EEC100C1E057 /* Sources */ = {
			isa = PBXSourcesBuildPhase;
			buildActionMask = 2147483647;
			files = (
				F38F948B1F93EEC200C1E057 /* GameScene.swift in Sources */,
				F38F947C1F93EEC100C1E057 /* GameViewController.swift in Sources */,
				F38F947A1F93EEC100C1E057 /* AppDelegate.swift in Sources */,
				F38F94FD1F93FF0700C1E057 /* Card.swift in Sources */,
			);
			runOnlyForDeploymentPostprocessing = 0;
		};
/* End PBXSourcesBuildPhase section */

/* Begin PBXVariantGroup section */
		F38F94451F93EEC100C1E057 /* Main.storyboard */ = {
			isa = PBXVariantGroup;
			children = (
				F38F94461F93EEC100C1E057 /* Base */,
			);
			name = Main.storyboard;
			sourceTree = "<group>";
		};
		F38F94481F93EEC100C1E057 /* LaunchScreen.storyboard */ = {
			isa = PBXVariantGroup;
			children = (
				F38F94491F93EEC100C1E057 /* Base */,
			);
			name = LaunchScreen.storyboard;
			sourceTree = "<group>";
		};
		F38F946F1F93EEC100C1E057 /* Main.storyboard */ = {
			isa = PBXVariantGroup;
			children = (
				F38F94701F93EEC100C1E057 /* Base */,
			);
			name = Main.storyboard;
			sourceTree = "<group>";
		};
		F38F947D1F93EEC200C1E057 /* Main.storyboard */ = {
			isa = PBXVariantGroup;
			children = (
				F38F947E1F93EEC200C1E057 /* Base */,
			);
			name = Main.storyboard;
			sourceTree = "<group>";
		};
/* End PBXVariantGroup section */

/* Begin XCBuildConfiguration section */
		F38F94901F93EEC200C1E057 /* Debug */ = {
			isa = XCBuildConfiguration;
			buildSettings = {
				ALWAYS_SEARCH_USER_PATHS = NO;
				CLANG_ANALYZER_NONNULL = YES;
				CLANG_ANALYZER_NUMBER_OBJECT_CONVERSION = YES_AGGRESSIVE;
				CLANG_CXX_LANGUAGE_STANDARD = "gnu++14";
				CLANG_CXX_LIBRARY = "libc++";
				CLANG_ENABLE_MODULES = YES;
				CLANG_ENABLE_OBJC_ARC = YES;
				CLANG_WARN_BLOCK_CAPTURE_AUTORELEASING = YES;
				CLANG_WARN_BOOL_CONVERSION = YES;
				CLANG_WARN_COMMA = YES;
				CLANG_WARN_CONSTANT_CONVERSION = YES;
				CLANG_WARN_DIRECT_OBJC_ISA_USAGE = YES_ERROR;
				CLANG_WARN_DOCUMENTATION_COMMENTS = YES;
				CLANG_WARN_EMPTY_BODY = YES;
				CLANG_WARN_ENUM_CONVERSION = YES;
				CLANG_WARN_INFINITE_RECURSION = YES;
				CLANG_WARN_INT_CONVERSION = YES;
				CLANG_WARN_NON_LITERAL_NULL_CONVERSION = YES;
				CLANG_WARN_OBJC_LITERAL_CONVERSION = YES;
				CLANG_WARN_OBJC_ROOT_CLASS = YES_ERROR;
				CLANG_WARN_RANGE_LOOP_ANALYSIS = YES;
				CLANG_WARN_STRICT_PROTOTYPES = YES;
				CLANG_WARN_SUSPICIOUS_MOVE = YES;
				CLANG_WARN_UNGUARDED_AVAILABILITY = YES_AGGRESSIVE;
				CLANG_WARN_UNREACHABLE_CODE = YES;
				CLANG_WARN__DUPLICATE_METHOD_MATCH = YES;
				COPY_PHASE_STRIP = NO;
				DEBUG_INFORMATION_FORMAT = dwarf;
				ENABLE_STRICT_OBJC_MSGSEND = YES;
				ENABLE_TESTABILITY = YES;
				GCC_C_LANGUAGE_STANDARD = gnu11;
				GCC_DYNAMIC_NO_PIC = NO;
				GCC_NO_COMMON_BLOCKS = YES;
				GCC_OPTIMIZATION_LEVEL = 0;
				GCC_PREPROCESSOR_DEFINITIONS = (
					"DEBUG=1",
					"$(inherited)",
				);
				GCC_WARN_64_TO_32_BIT_CONVERSION = YES;
				GCC_WARN_ABOUT_RETURN_TYPE = YES_ERROR;
				GCC_WARN_UNDECLARED_SELECTOR = YES;
				GCC_WARN_UNINITIALIZED_AUTOS = YES_AGGRESSIVE;
				GCC_WARN_UNUSED_FUNCTION = YES;
				GCC_WARN_UNUSED_VARIABLE = YES;
				MTL_ENABLE_DEBUG_INFO = YES;
				ONLY_ACTIVE_ARCH = YES;
				SWIFT_ACTIVE_COMPILATION_CONDITIONS = DEBUG;
				SWIFT_OPTIMIZATION_LEVEL = "-Onone";
			};
			name = Debug;
		};
		F38F94911F93EEC200C1E057 /* Release */ = {
			isa = XCBuildConfiguration;
			buildSettings = {
				ALWAYS_SEARCH_USER_PATHS = NO;
				CLANG_ANALYZER_NONNULL = YES;
				CLANG_ANALYZER_NUMBER_OBJECT_CONVERSION = YES_AGGRESSIVE;
				CLANG_CXX_LANGUAGE_STANDARD = "gnu++14";
				CLANG_CXX_LIBRARY = "libc++";
				CLANG_ENABLE_MODULES = YES;
				CLANG_ENABLE_OBJC_ARC = YES;
				CLANG_WARN_BLOCK_CAPTURE_AUTORELEASING = YES;
				CLANG_WARN_BOOL_CONVERSION = YES;
				CLANG_WARN_COMMA = YES;
				CLANG_WARN_CONSTANT_CONVERSION = YES;
				CLANG_WARN_DIRECT_OBJC_ISA_USAGE = YES_ERROR;
				CLANG_WARN_DOCUMENTATION_COMMENTS = YES;
				CLANG_WARN_EMPTY_BODY = YES;
				CLANG_WARN_ENUM_CONVERSION = YES;
				CLANG_WARN_INFINITE_RECURSION = YES;
				CLANG_WARN_INT_CONVERSION = YES;
				CLANG_WARN_NON_LITERAL_NULL_CONVERSION = YES;
				CLANG_WARN_OBJC_LITERAL_CONVERSION = YES;
				CLANG_WARN_OBJC_ROOT_CLASS = YES_ERROR;
				CLANG_WARN_RANGE_LOOP_ANALYSIS = YES;
				CLANG_WARN_STRICT_PROTOTYPES = YES;
				CLANG_WARN_SUSPICIOUS_MOVE = YES;
				CLANG_WARN_UNGUARDED_AVAILABILITY = YES_AGGRESSIVE;
				CLANG_WARN_UNREACHABLE_CODE = YES;
				CLANG_WARN__DUPLICATE_METHOD_MATCH = YES;
				COPY_PHASE_STRIP = NO;
				DEBUG_INFORMATION_FORMAT = "dwarf-with-dsym";
				ENABLE_NS_ASSERTIONS = NO;
				ENABLE_STRICT_OBJC_MSGSEND = YES;
				GCC_C_LANGUAGE_STANDARD = gnu11;
				GCC_NO_COMMON_BLOCKS = YES;
				GCC_WARN_64_TO_32_BIT_CONVERSION = YES;
				GCC_WARN_ABOUT_RETURN_TYPE = YES_ERROR;
				GCC_WARN_UNDECLARED_SELECTOR = YES;
				GCC_WARN_UNINITIALIZED_AUTOS = YES_AGGRESSIVE;
				GCC_WARN_UNUSED_FUNCTION = YES;
				GCC_WARN_UNUSED_VARIABLE = YES;
				MTL_ENABLE_DEBUG_INFO = NO;
				SWIFT_OPTIMIZATION_LEVEL = "-Owholemodule";
			};
			name = Release;
		};
		F38F949B1F93EEC200C1E057 /* Debug */ = {
			isa = XCBuildConfiguration;
			buildSettings = {
				ASSETCATALOG_COMPILER_APPICON_NAME = AppIcon;
				CODE_SIGN_IDENTITY = "iPhone Developer";
				CODE_SIGN_STYLE = Automatic;
				DEVELOPMENT_TEAM = 8R59S3FFWG;
				INFOPLIST_FILE = "Timeline iOS/Info.plist";
				IPHONEOS_DEPLOYMENT_TARGET = 11.0;
				LD_RUNPATH_SEARCH_PATHS = "$(inherited) @executable_path/Frameworks";
				PRODUCT_BUNDLE_IDENTIFIER = haus.nightmare.Timeline;
				PRODUCT_NAME = Timeline;
				SDKROOT = iphoneos;
				SWIFT_VERSION = 4.0;
				TARGETED_DEVICE_FAMILY = "1,2";
			};
			name = Debug;
		};
		F38F949C1F93EEC200C1E057 /* Release */ = {
			isa = XCBuildConfiguration;
			buildSettings = {
				ASSETCATALOG_COMPILER_APPICON_NAME = AppIcon;
				CODE_SIGN_IDENTITY = "iPhone Developer";
				CODE_SIGN_STYLE = Automatic;
				DEVELOPMENT_TEAM = 8R59S3FFWG;
				INFOPLIST_FILE = "Timeline iOS/Info.plist";
				IPHONEOS_DEPLOYMENT_TARGET = 11.0;
				LD_RUNPATH_SEARCH_PATHS = "$(inherited) @executable_path/Frameworks";
				PRODUCT_BUNDLE_IDENTIFIER = haus.nightmare.Timeline;
				PRODUCT_NAME = Timeline;
				SDKROOT = iphoneos;
				SWIFT_VERSION = 4.0;
				TARGETED_DEVICE_FAMILY = "1,2";
				VALIDATE_PRODUCT = YES;
			};
			name = Release;
		};
		F38F949E1F93EEC200C1E057 /* Debug */ = {
			isa = XCBuildConfiguration;
			buildSettings = {
				ASSETCATALOG_COMPILER_APPICON_NAME = "tvOS App Icon & Top Shelf Image";
				ASSETCATALOG_COMPILER_LAUNCHIMAGE_NAME = "tvOS LaunchImage";
				CODE_SIGN_STYLE = Automatic;
				DEVELOPMENT_TEAM = 8R59S3FFWG;
				INFOPLIST_FILE = "Timeline tvOS/Info.plist";
				LD_RUNPATH_SEARCH_PATHS = "$(inherited) @executable_path/Frameworks";
				PRODUCT_BUNDLE_IDENTIFIER = haus.nightmare.Timeline;
				PRODUCT_NAME = Timeline;
				SDKROOT = appletvos;
				SWIFT_VERSION = 4.0;
				TARGETED_DEVICE_FAMILY = 3;
				TVOS_DEPLOYMENT_TARGET = 11.0;
			};
			name = Debug;
		};
		F38F949F1F93EEC200C1E057 /* Release */ = {
			isa = XCBuildConfiguration;
			buildSettings = {
				ASSETCATALOG_COMPILER_APPICON_NAME = "tvOS App Icon & Top Shelf Image";
				ASSETCATALOG_COMPILER_LAUNCHIMAGE_NAME = "tvOS LaunchImage";
				CODE_SIGN_STYLE = Automatic;
				DEVELOPMENT_TEAM = 8R59S3FFWG;
				INFOPLIST_FILE = "Timeline tvOS/Info.plist";
				LD_RUNPATH_SEARCH_PATHS = "$(inherited) @executable_path/Frameworks";
				PRODUCT_BUNDLE_IDENTIFIER = haus.nightmare.Timeline;
				PRODUCT_NAME = Timeline;
				SDKROOT = appletvos;
				SWIFT_VERSION = 4.0;
				TARGETED_DEVICE_FAMILY = 3;
				TVOS_DEPLOYMENT_TARGET = 11.0;
				VALIDATE_PRODUCT = YES;
			};
			name = Release;
		};
		F38F94A11F93EEC200C1E057 /* Debug */ = {
			isa = XCBuildConfiguration;
			buildSettings = {
				ASSETCATALOG_COMPILER_APPICON_NAME = AppIcon;
				CODE_SIGN_IDENTITY = "-";
				CODE_SIGN_STYLE = Automatic;
				COMBINE_HIDPI_IMAGES = YES;
				DEVELOPMENT_TEAM = 8R59S3FFWG;
				INFOPLIST_FILE = "Timeline macOS/Info.plist";
				LD_RUNPATH_SEARCH_PATHS = "$(inherited) @executable_path/../Frameworks";
				MACOSX_DEPLOYMENT_TARGET = 10.13;
				PRODUCT_BUNDLE_IDENTIFIER = haus.nightmare.Timeline;
				PRODUCT_NAME = Timeline;
				SDKROOT = macosx;
				SWIFT_VERSION = 4.0;
			};
			name = Debug;
		};
		F38F94A21F93EEC200C1E057 /* Release */ = {
			isa = XCBuildConfiguration;
			buildSettings = {
				ASSETCATALOG_COMPILER_APPICON_NAME = AppIcon;
				CODE_SIGN_IDENTITY = "-";
				CODE_SIGN_STYLE = Automatic;
				COMBINE_HIDPI_IMAGES = YES;
				DEVELOPMENT_TEAM = 8R59S3FFWG;
				INFOPLIST_FILE = "Timeline macOS/Info.plist";
				LD_RUNPATH_SEARCH_PATHS = "$(inherited) @executable_path/../Frameworks";
				MACOSX_DEPLOYMENT_TARGET = 10.13;
				PRODUCT_BUNDLE_IDENTIFIER = haus.nightmare.Timeline;
				PRODUCT_NAME = Timeline;
				SDKROOT = macosx;
				SWIFT_VERSION = 4.0;
			};
			name = Release;
		};
/* End XCBuildConfiguration section */

/* Begin XCConfigurationList section */
		F38F94341F93EEC100C1E057 /* Build configuration list for PBXProject "Timeline" */ = {
			isa = XCConfigurationList;
			buildConfigurations = (
				F38F94901F93EEC200C1E057 /* Debug */,
				F38F94911F93EEC200C1E057 /* Release */,
			);
			defaultConfigurationIsVisible = 0;
			defaultConfigurationName = Release;
		};
		F38F949A1F93EEC200C1E057 /* Build configuration list for PBXNativeTarget "Timeline iOS" */ = {
			isa = XCConfigurationList;
			buildConfigurations = (
				F38F949B1F93EEC200C1E057 /* Debug */,
				F38F949C1F93EEC200C1E057 /* Release */,
			);
			defaultConfigurationIsVisible = 0;
			defaultConfigurationName = Release;
		};
		F38F949D1F93EEC200C1E057 /* Build configuration list for PBXNativeTarget "Timeline tvOS" */ = {
			isa = XCConfigurationList;
			buildConfigurations = (
				F38F949E1F93EEC200C1E057 /* Debug */,
				F38F949F1F93EEC200C1E057 /* Release */,
			);
			defaultConfigurationIsVisible = 0;
			defaultConfigurationName = Release;
		};
		F38F94A01F93EEC200C1E057 /* Build configuration list for PBXNativeTarget "Timeline macOS" */ = {
			isa = XCConfigurationList;
			buildConfigurations = (
				F38F94A11F93EEC200C1E057 /* Debug */,
				F38F94A21F93EEC200C1E057 /* Release */,
			);
			defaultConfigurationIsVisible = 0;
			defaultConfigurationName = Release;
		};
/* End XCConfigurationList section */
	};
	rootObject = F38F94311F93EEC100C1E057 /* Project object */;
}
