// !$*UTF8*$!
{
	archiveVersion = 1;
	classes = {
	};
	objectVersion = 46;
	objects = {

/* Begin PBXBuildFile section */
		F33388811F69761F00DC352F /* SDL2_ttf.framework in Frameworks */ = {isa = PBXBuildFile; fileRef = F33388801F69761F00DC352F /* SDL2_ttf.framework */; };
		F3490E5C1F8E680F0082DAB9 /* Deck.cpp in Sources */ = {isa = PBXBuildFile; fileRef = F3490E5A1F8E680E0082DAB9 /* Deck.cpp */; };
		F3597EE71F7C0E13003FE69E /* include in Frameworks */ = {isa = PBXBuildFile; fileRef = F3597EE61F7C0E13003FE69E /* include */; };
		F378A0571F855B6B00327648 /* UIButton.cpp in Sources */ = {isa = PBXBuildFile; fileRef = F378A0511F855B6B00327648 /* UIButton.cpp */; };
		F378A0581F855B6B00327648 /* Card.cpp in Sources */ = {isa = PBXBuildFile; fileRef = F378A0531F855B6B00327648 /* Card.cpp */; };
		F378A0591F855B6B00327648 /* Timer.cpp in Sources */ = {isa = PBXBuildFile; fileRef = F378A0551F855B6B00327648 /* Timer.cpp */; };
		F378A05F1F855C3A00327648 /* SDL_Wrapper.cpp in Sources */ = {isa = PBXBuildFile; fileRef = F378A05E1F855BB300327648 /* SDL_Wrapper.cpp */; };
		F3A8762B1F700BB6001EC8EF /* SDL2_net.framework in Frameworks */ = {isa = PBXBuildFile; fileRef = F3A8762A1F700BB6001EC8EF /* SDL2_net.framework */; };
		F3BFB2091F66C76700159BCC /* SDL2_image.framework in Frameworks */ = {isa = PBXBuildFile; fileRef = F3BFB2071F66C76700159BCC /* SDL2_image.framework */; };
		F3BFB20A1F66C76700159BCC /* SDL2.framework in Frameworks */ = {isa = PBXBuildFile; fileRef = F3BFB2081F66C76700159BCC /* SDL2.framework */; };
		F3CE79B41F66C54500D9E91C /* main.cpp in Sources */ = {isa = PBXBuildFile; fileRef = F3CE79B31F66C54500D9E91C /* main.cpp */; };
/* End PBXBuildFile section */

/* Begin PBXCopyFilesBuildPhase section */
		F3CE79AE1F66C54500D9E91C /* CopyFiles */ = {
			isa = PBXCopyFilesBuildPhase;
			buildActionMask = 2147483647;
			dstPath = /usr/share/man/man1/;
			dstSubfolderSpec = 0;
			files = (
			);
			runOnlyForDeploymentPostprocessing = 1;
		};
/* End PBXCopyFilesBuildPhase section */

/* Begin PBXFileReference section */
		F33388801F69761F00DC352F /* SDL2_ttf.framework */ = {isa = PBXFileReference; lastKnownFileType = wrapper.framework; name = SDL2_ttf.framework; path = ../../../Library/Frameworks/SDL2_ttf.framework; sourceTree = "<group>"; };
		F3490E591F8E670C0082DAB9 /* SDL_Wrapper.hpp */ = {isa = PBXFileReference; fileEncoding = 4; lastKnownFileType = sourcecode.cpp.h; path = SDL_Wrapper.hpp; sourceTree = "<group>"; };
		F3490E5A1F8E680E0082DAB9 /* Deck.cpp */ = {isa = PBXFileReference; fileEncoding = 4; lastKnownFileType = sourcecode.cpp.cpp; path = Deck.cpp; sourceTree = "<group>"; };
		F3490E5B1F8E680F0082DAB9 /* Deck.hpp */ = {isa = PBXFileReference; fileEncoding = 4; lastKnownFileType = sourcecode.cpp.h; path = Deck.hpp; sourceTree = "<group>"; };
		F3597EE61F7C0E13003FE69E /* include */ = {isa = PBXFileReference; lastKnownFileType = folder; name = include; path = ../../../../usr/local/include; sourceTree = "<group>"; };
		F378A0511F855B6B00327648 /* UIButton.cpp */ = {isa = PBXFileReference; fileEncoding = 4; lastKnownFileType = sourcecode.cpp.cpp; path = UIButton.cpp; sourceTree = "<group>"; };
		F378A0521F855B6B00327648 /* UIButton.hpp */ = {isa = PBXFileReference; fileEncoding = 4; lastKnownFileType = sourcecode.cpp.h; path = UIButton.hpp; sourceTree = "<group>"; };
		F378A0531F855B6B00327648 /* Card.cpp */ = {isa = PBXFileReference; fileEncoding = 4; lastKnownFileType = sourcecode.cpp.cpp; path = Card.cpp; sourceTree = "<group>"; };
		F378A0541F855B6B00327648 /* Timer.hpp */ = {isa = PBXFileReference; fileEncoding = 4; lastKnownFileType = sourcecode.cpp.h; path = Timer.hpp; sourceTree = "<group>"; };
		F378A0551F855B6B00327648 /* Timer.cpp */ = {isa = PBXFileReference; fileEncoding = 4; lastKnownFileType = sourcecode.cpp.cpp; path = Timer.cpp; sourceTree = "<group>"; };
		F378A0561F855B6B00327648 /* Card.hpp */ = {isa = PBXFileReference; fileEncoding = 4; lastKnownFileType = sourcecode.cpp.h; path = Card.hpp; sourceTree = "<group>"; };
		F378A05E1F855BB300327648 /* SDL_Wrapper.cpp */ = {isa = PBXFileReference; lastKnownFileType = sourcecode.cpp.cpp; path = SDL_Wrapper.cpp; sourceTree = "<group>"; };
		F3A8762A1F700BB6001EC8EF /* SDL2_net.framework */ = {isa = PBXFileReference; lastKnownFileType = wrapper.framework; name = SDL2_net.framework; path = ../../../Library/Frameworks/SDL2_net.framework; sourceTree = "<group>"; };
		F3BF497B1F66E32A00B8080D /* assets */ = {isa = PBXFileReference; lastKnownFileType = folder; name = assets; path = Timeline/assets; sourceTree = "<group>"; };
		F3BFB2071F66C76700159BCC /* SDL2_image.framework */ = {isa = PBXFileReference; lastKnownFileType = wrapper.framework; name = SDL2_image.framework; path = ../../../../Library/Frameworks/SDL2_image.framework; sourceTree = "<group>"; };
		F3BFB2081F66C76700159BCC /* SDL2.framework */ = {isa = PBXFileReference; lastKnownFileType = wrapper.framework; name = SDL2.framework; path = ../../../../Library/Frameworks/SDL2.framework; sourceTree = "<group>"; };
		F3CE79B01F66C54500D9E91C /* Timeline */ = {isa = PBXFileReference; explicitFileType = "compiled.mach-o.executable"; includeInIndex = 0; path = Timeline; sourceTree = BUILT_PRODUCTS_DIR; };
		F3CE79B31F66C54500D9E91C /* main.cpp */ = {isa = PBXFileReference; lastKnownFileType = sourcecode.cpp.cpp; path = main.cpp; sourceTree = "<group>"; };
/* End PBXFileReference section */

/* Begin PBXFrameworksBuildPhase section */
		F3CE79AD1F66C54500D9E91C /* Frameworks */ = {
			isa = PBXFrameworksBuildPhase;
			buildActionMask = 2147483647;
			files = (
				F3597EE71F7C0E13003FE69E /* include in Frameworks */,
				F3A8762B1F700BB6001EC8EF /* SDL2_net.framework in Frameworks */,
				F33388811F69761F00DC352F /* SDL2_ttf.framework in Frameworks */,
				F3BFB20A1F66C76700159BCC /* SDL2.framework in Frameworks */,
				F3BFB2091F66C76700159BCC /* SDL2_image.framework in Frameworks */,
			);
			runOnlyForDeploymentPostprocessing = 0;
		};
/* End PBXFrameworksBuildPhase section */

/* Begin PBXGroup section */
		F378A05A1F855B7400327648 /* Classes */ = {
			isa = PBXGroup;
			children = (
				F3490E5A1F8E680E0082DAB9 /* Deck.cpp */,
				F3490E5B1F8E680F0082DAB9 /* Deck.hpp */,
				F378A0531F855B6B00327648 /* Card.cpp */,
				F378A0561F855B6B00327648 /* Card.hpp */,
				F378A0551F855B6B00327648 /* Timer.cpp */,
				F378A0541F855B6B00327648 /* Timer.hpp */,
				F378A0511F855B6B00327648 /* UIButton.cpp */,
				F378A0521F855B6B00327648 /* UIButton.hpp */,
			);
			path = Classes;
			sourceTree = "<group>";
		};
		F378A05C1F855BB300327648 /* Wrappers */ = {
			isa = PBXGroup;
			children = (
				F3490E591F8E670C0082DAB9 /* SDL_Wrapper.hpp */,
				F378A05E1F855BB300327648 /* SDL_Wrapper.cpp */,
			);
			path = Wrappers;
			sourceTree = "<group>";
		};
		F3BFB2061F66C76700159BCC /* Frameworks */ = {
			isa = PBXGroup;
			children = (
				F3597EE61F7C0E13003FE69E /* include */,
				F3A8762A1F700BB6001EC8EF /* SDL2_net.framework */,
				F33388801F69761F00DC352F /* SDL2_ttf.framework */,
				F3BFB2071F66C76700159BCC /* SDL2_image.framework */,
				F3BFB2081F66C76700159BCC /* SDL2.framework */,
			);
			name = Frameworks;
			sourceTree = "<group>";
		};
		F3CE79A71F66C54500D9E91C = {
			isa = PBXGroup;
			children = (
				F3CE79B21F66C54500D9E91C /* Timeline */,
				F3CE79B11F66C54500D9E91C /* Products */,
				F3BF497B1F66E32A00B8080D /* assets */,
				F3BFB2061F66C76700159BCC /* Frameworks */,
			);
			sourceTree = "<group>";
		};
		F3CE79B11F66C54500D9E91C /* Products */ = {
			isa = PBXGroup;
			children = (
				F3CE79B01F66C54500D9E91C /* Timeline */,
			);
			name = Products;
			sourceTree = "<group>";
		};
		F3CE79B21F66C54500D9E91C /* Timeline */ = {
			isa = PBXGroup;
			children = (
				F3CE79B31F66C54500D9E91C /* main.cpp */,
				F378A05C1F855BB300327648 /* Wrappers */,
				F378A05A1F855B7400327648 /* Classes */,
			);
			path = Timeline;
			sourceTree = "<group>";
		};
/* End PBXGroup section */

/* Begin PBXNativeTarget section */
		F3CE79AF1F66C54500D9E91C /* Timeline */ = {
			isa = PBXNativeTarget;
			buildConfigurationList = F3CE79B71F66C54500D9E91C /* Build configuration list for PBXNativeTarget "Timeline" */;
			buildPhases = (
				F3CE79AC1F66C54500D9E91C /* Sources */,
				F3CE79AD1F66C54500D9E91C /* Frameworks */,
				F3CE79AE1F66C54500D9E91C /* CopyFiles */,
				F3712B741F7BFA97002334F2 /* ShellScript */,
			);
			buildRules = (
			);
			dependencies = (
			);
			name = Timeline;
			productName = Timeline;
			productReference = F3CE79B01F66C54500D9E91C /* Timeline */;
			productType = "com.apple.product-type.tool";
		};
/* End PBXNativeTarget section */

/* Begin PBXProject section */
		F3CE79A81F66C54500D9E91C /* Project object */ = {
			isa = PBXProject;
			attributes = {
				LastUpgradeCheck = 0900;
				ORGANIZATIONNAME = "STEiN-Net";
				TargetAttributes = {
					F3CE79AF1F66C54500D9E91C = {
						CreatedOnToolsVersion = 8.3.3;
						DevelopmentTeam = 8R59S3FFWG;
						ProvisioningStyle = Automatic;
					};
				};
			};
			buildConfigurationList = F3CE79AB1F66C54500D9E91C /* Build configuration list for PBXProject "Timeline" */;
			compatibilityVersion = "Xcode 3.2";
			developmentRegion = English;
			hasScannedForEncodings = 0;
			knownRegions = (
				en,
			);
			mainGroup = F3CE79A71F66C54500D9E91C;
			productRefGroup = F3CE79B11F66C54500D9E91C /* Products */;
			projectDirPath = "";
			projectRoot = "";
			targets = (
				F3CE79AF1F66C54500D9E91C /* Timeline */,
			);
		};
/* End PBXProject section */

/* Begin PBXShellScriptBuildPhase section */
		F3712B741F7BFA97002334F2 /* ShellScript */ = {
			isa = PBXShellScriptBuildPhase;
			buildActionMask = 2147483647;
			files = (
			);
			inputPaths = (
			);
			outputPaths = (
			);
			runOnlyForDeploymentPostprocessing = 0;
			shellPath = /bin/bash;
			shellScript = "#x86_64-w64-mingw32-gcc -I/usr/local/include -I/usr/local/include/SDL2 Timeline/Wrappers/*.cpp Timeline/main.cpp -o Timeline/build/Timeline.exe";
		};
/* End PBXShellScriptBuildPhase section */

/* Begin PBXSourcesBuildPhase section */
		F3CE79AC1F66C54500D9E91C /* Sources */ = {
			isa = PBXSourcesBuildPhase;
			buildActionMask = 2147483647;
			files = (
				F3490E5C1F8E680F0082DAB9 /* Deck.cpp in Sources */,
				F378A05F1F855C3A00327648 /* SDL_Wrapper.cpp in Sources */,
				F3CE79B41F66C54500D9E91C /* main.cpp in Sources */,
				F378A0571F855B6B00327648 /* UIButton.cpp in Sources */,
				F378A0591F855B6B00327648 /* Timer.cpp in Sources */,
				F378A0581F855B6B00327648 /* Card.cpp in Sources */,
			);
			runOnlyForDeploymentPostprocessing = 0;
		};
/* End PBXSourcesBuildPhase section */

/* Begin XCBuildConfiguration section */
		F3CE79B51F66C54500D9E91C /* Debug */ = {
			isa = XCBuildConfiguration;
			buildSettings = {
				ALWAYS_SEARCH_USER_PATHS = NO;
				CLANG_ANALYZER_NONNULL = YES;
				CLANG_ANALYZER_NUMBER_OBJECT_CONVERSION = YES_AGGRESSIVE;
				CLANG_CXX_LANGUAGE_STANDARD = "gnu++0x";
				CLANG_CXX_LIBRARY = "libc++";
				CLANG_ENABLE_MODULES = YES;
				CLANG_ENABLE_OBJC_ARC = YES;
				CLANG_WARN_BLOCK_CAPTURE_AUTORELEASING = YES;
				CLANG_WARN_BOOL_CONVERSION = YES;
				CLANG_WARN_COMMA = YES;
				CLANG_WARN_CONSTANT_CONVERSION = YES;
				CLANG_WARN_DIRECT_OBJC_ISA_USAGE = YES_ERROR;
				CLANG_WARN_DOCUMENTATION_COMMENTS = YES;
				CLANG_WARN_EMPTY_BODY = YES;
				CLANG_WARN_ENUM_CONVERSION = YES;
				CLANG_WARN_INFINITE_RECURSION = YES;
				CLANG_WARN_INT_CONVERSION = YES;
				CLANG_WARN_NON_LITERAL_NULL_CONVERSION = YES;
				CLANG_WARN_OBJC_LITERAL_CONVERSION = YES;
				CLANG_WARN_OBJC_ROOT_CLASS = YES_ERROR;
				CLANG_WARN_RANGE_LOOP_ANALYSIS = YES;
				CLANG_WARN_STRICT_PROTOTYPES = YES;
				CLANG_WARN_SUSPICIOUS_MOVE = YES;
				CLANG_WARN_UNREACHABLE_CODE = YES;
				CLANG_WARN__DUPLICATE_METHOD_MATCH = YES;
				CODE_SIGN_IDENTITY = "-";
				COPY_PHASE_STRIP = NO;
				DEBUG_INFORMATION_FORMAT = dwarf;
				ENABLE_STRICT_OBJC_MSGSEND = YES;
				ENABLE_TESTABILITY = YES;
				GCC_C_LANGUAGE_STANDARD = gnu99;
				GCC_DYNAMIC_NO_PIC = NO;
				GCC_NO_COMMON_BLOCKS = YES;
				GCC_OPTIMIZATION_LEVEL = 0;
				GCC_PREPROCESSOR_DEFINITIONS = (
					"DEBUG=1",
					"$(inherited)",
				);
				GCC_WARN_64_TO_32_BIT_CONVERSION = YES;
				GCC_WARN_ABOUT_RETURN_TYPE = YES_ERROR;
				GCC_WARN_UNDECLARED_SELECTOR = YES;
				GCC_WARN_UNINITIALIZED_AUTOS = YES_AGGRESSIVE;
				GCC_WARN_UNUSED_FUNCTION = YES;
				GCC_WARN_UNUSED_VARIABLE = YES;
				HEADER_SEARCH_PATHS = /usr/local/include;
				MACOSX_DEPLOYMENT_TARGET = 10.12;
				MTL_ENABLE_DEBUG_INFO = YES;
				ONLY_ACTIVE_ARCH = YES;
				SDKROOT = macosx;
			};
			name = Debug;
		};
		F3CE79B61F66C54500D9E91C /* Release */ = {
			isa = XCBuildConfiguration;
			buildSettings = {
				ALWAYS_SEARCH_USER_PATHS = NO;
				CLANG_ANALYZER_NONNULL = YES;
				CLANG_ANALYZER_NUMBER_OBJECT_CONVERSION = YES_AGGRESSIVE;
				CLANG_CXX_LANGUAGE_STANDARD = "gnu++0x";
				CLANG_CXX_LIBRARY = "libc++";
				CLANG_ENABLE_MODULES = YES;
				CLANG_ENABLE_OBJC_ARC = YES;
				CLANG_WARN_BLOCK_CAPTURE_AUTORELEASING = YES;
				CLANG_WARN_BOOL_CONVERSION = YES;
				CLANG_WARN_COMMA = YES;
				CLANG_WARN_CONSTANT_CONVERSION = YES;
				CLANG_WARN_DIRECT_OBJC_ISA_USAGE = YES_ERROR;
				CLANG_WARN_DOCUMENTATION_COMMENTS = YES;
				CLANG_WARN_EMPTY_BODY = YES;
				CLANG_WARN_ENUM_CONVERSION = YES;
				CLANG_WARN_INFINITE_RECURSION = YES;
				CLANG_WARN_INT_CONVERSION = YES;
				CLANG_WARN_NON_LITERAL_NULL_CONVERSION = YES;
				CLANG_WARN_OBJC_LITERAL_CONVERSION = YES;
				CLANG_WARN_OBJC_ROOT_CLASS = YES_ERROR;
				CLANG_WARN_RANGE_LOOP_ANALYSIS = YES;
				CLANG_WARN_STRICT_PROTOTYPES = YES;
				CLANG_WARN_SUSPICIOUS_MOVE = YES;
				CLANG_WARN_UNREACHABLE_CODE = YES;
				CLANG_WARN__DUPLICATE_METHOD_MATCH = YES;
				CODE_SIGN_IDENTITY = "-";
				COPY_PHASE_STRIP = NO;
				DEBUG_INFORMATION_FORMAT = "dwarf-with-dsym";
				ENABLE_NS_ASSERTIONS = NO;
				ENABLE_STRICT_OBJC_MSGSEND = YES;
				GCC_C_LANGUAGE_STANDARD = gnu99;
				GCC_NO_COMMON_BLOCKS = YES;
				GCC_WARN_64_TO_32_BIT_CONVERSION = YES;
				GCC_WARN_ABOUT_RETURN_TYPE = YES_ERROR;
				GCC_WARN_UNDECLARED_SELECTOR = YES;
				GCC_WARN_UNINITIALIZED_AUTOS = YES_AGGRESSIVE;
				GCC_WARN_UNUSED_FUNCTION = YES;
				GCC_WARN_UNUSED_VARIABLE = YES;
				HEADER_SEARCH_PATHS = /usr/local/include;
				MACOSX_DEPLOYMENT_TARGET = 10.12;
				MTL_ENABLE_DEBUG_INFO = NO;
				ONLY_ACTIVE_ARCH = NO;
				SDKROOT = macosx;
			};
			name = Release;
		};
		F3CE79B81F66C54500D9E91C /* Debug */ = {
			isa = XCBuildConfiguration;
			buildSettings = {
				CODE_SIGN_IDENTITY = "Mac Developer";
				DEVELOPMENT_TEAM = 8R59S3FFWG;
				FRAMEWORK_SEARCH_PATHS = (
					"$(inherited)",
					"$(LOCAL_LIBRARY_DIR)/Frameworks",
				);
				GCC_NO_COMMON_BLOCKS = NO;
				PRODUCT_NAME = "$(TARGET_NAME)";
				PROVISIONING_PROFILE_SPECIFIER = "";
			};
			name = Debug;
		};
		F3CE79B91F66C54500D9E91C /* Release */ = {
			isa = XCBuildConfiguration;
			buildSettings = {
				CODE_SIGN_IDENTITY = "Mac Developer";
				DEVELOPMENT_TEAM = 8R59S3FFWG;
				FRAMEWORK_SEARCH_PATHS = (
					"$(inherited)",
					"$(LOCAL_LIBRARY_DIR)/Frameworks",
				);
				GCC_NO_COMMON_BLOCKS = NO;
				PRODUCT_NAME = "$(TARGET_NAME)";
				PROVISIONING_PROFILE_SPECIFIER = "";
			};
			name = Release;
		};
/* End XCBuildConfiguration section */

/* Begin XCConfigurationList section */
		F3CE79AB1F66C54500D9E91C /* Build configuration list for PBXProject "Timeline" */ = {
			isa = XCConfigurationList;
			buildConfigurations = (
				F3CE79B51F66C54500D9E91C /* Debug */,
				F3CE79B61F66C54500D9E91C /* Release */,
			);
			defaultConfigurationIsVisible = 0;
			defaultConfigurationName = Release;
		};
		F3CE79B71F66C54500D9E91C /* Build configuration list for PBXNativeTarget "Timeline" */ = {
			isa = XCConfigurationList;
			buildConfigurations = (
				F3CE79B81F66C54500D9E91C /* Debug */,
				F3CE79B91F66C54500D9E91C /* Release */,
			);
			defaultConfigurationIsVisible = 0;
			defaultConfigurationName = Release;
		};
/* End XCConfigurationList section */
	};
	rootObject = F3CE79A81F66C54500D9E91C /* Project object */;
}
